
Microsoft Visual Studio Solution File, Format Version 12.00
# Visual Studio Version 17
VisualStudioVersion = 17.5.002.0
MinimumVisualStudioVersion = 10.0.40219.1
Project("{9A19103F-16F7-4668-BE54-9A1E7A4F7556}") = "Polimorfismo", "Polimorfismo.csproj", "{36EBFD60-D983-4352-8D1B-2AC7EBBBDF62}"
EndProject
Global
	GlobalSection(SolutionConfigurationPlatforms) = preSolution
		Debug|Any CPU = Debug|Any CPU
		Release|Any CPU = Release|Any CPU
	EndGlobalSection
	GlobalSection(ProjectConfigurationPlatforms) = postSolution
		{36EBFD60-D983-4352-8D1B-2AC7EBBBDF62}.Debug|Any CPU.ActiveCfg = Debug|Any CPU
		{36EBFD60-D983-4352-8D1B-2AC7EBBBDF62}.Debug|Any CPU.Build.0 = Debug|Any CPU
		{36EBFD60-D983-4352-8D1B-2AC7EBBBDF62}.Release|Any CPU.ActiveCfg = Release|Any CPU
		{36EBFD60-D983-4352-8D1B-2AC7EBBBDF62}.Release|Any CPU.Build.0 = Release|Any CPU
	EndGlobalSection
	GlobalSection(SolutionProperties) = preSolution
		HideSolutionNode = FALSE
	EndGlobalSection
	GlobalSection(ExtensibilityGlobals) = postSolution
		SolutionGuid = {8AB9DFB7-8411-48D4-BFDA-38031EA49128}
	EndGlobalSection
EndGlobal
